
Microsoft Visual Studio Solution File, Format Version 12.00
# Visual Studio Version 16
VisualStudioVersion = 16.0.30523.141
MinimumVisualStudioVersion = 10.0.40219.1
Project("{FAE04EC0-301F-11D3-BF4B-00C04F79EFBC}") = "RemoteLabBlazerApp", "RemoteLabBlazerApp.csproj", "{5C566E38-759E-44EC-80EB-D97B1111DC37}"
EndProject
Project("{FAE04EC0-301F-11D3-BF4B-00C04F79EFBC}") = "DataAccess", "..\DataAccess\DataAccess.csproj", "{EB26A53B-7461-4535-8121-A3F1BE337EE9}"
EndProject
Global
	GlobalSection(SolutionConfigurationPlatforms) = preSolution
		Debug|Any CPU = Debug|Any CPU
		Release|Any CPU = Release|Any CPU
	EndGlobalSection
	GlobalSection(ProjectConfigurationPlatforms) = postSolution
		{5C566E38-759E-44EC-80EB-D97B1111DC37}.Debug|Any CPU.ActiveCfg = Debug|Any CPU
		{5C566E38-759E-44EC-80EB-D97B1111DC37}.Debug|Any CPU.Build.0 = Debug|Any CPU
		{5C566E38-759E-44EC-80EB-D97B1111DC37}.Release|Any CPU.ActiveCfg = Release|Any CPU
		{5C566E38-759E-44EC-80EB-D97B1111DC37}.Release|Any CPU.Build.0 = Release|Any CPU
		{EB26A53B-7461-4535-8121-A3F1BE337EE9}.Debug|Any CPU.ActiveCfg = Debug|Any CPU
		{EB26A53B-7461-4535-8121-A3F1BE337EE9}.Debug|Any CPU.Build.0 = Debug|Any CPU
		{EB26A53B-7461-4535-8121-A3F1BE337EE9}.Release|Any CPU.ActiveCfg = Release|Any CPU
		{EB26A53B-7461-4535-8121-A3F1BE337EE9}.Release|Any CPU.Build.0 = Release|Any CPU
	EndGlobalSection
	GlobalSection(SolutionProperties) = preSolution
		HideSolutionNode = FALSE
	EndGlobalSection
	GlobalSection(ExtensibilityGlobals) = postSolution
		SolutionGuid = {312EEB61-264C-47C2-A2E7-299FC06429A7}
	EndGlobalSection
EndGlobal
